<?xml version="1.0" encoding="utf-8"?>
<Project ToolsVersion="4.0" xmlns="http://schemas.microsoft.com/developer/msbuild/2003">
  <ItemGroup>
    <Filter Include="Исходные файлы">
      <UniqueIdentifier>{4FC737F1-C7A5-4376-A066-2A32D752A2FF}</UniqueIdentifier>
      <Extensions>cpp;c;cc;cxx;c++;cppm;ixx;def;odl;idl;hpj;bat;asm;asmx</Extensions>
    </Filter>
    <Filter Include="Файлы заголовков">
      <UniqueIdentifier>{93995380-89BD-4b04-88EB-625FBE52EBFB}</UniqueIdentifier>
      <Extensions>h;hh;hpp;hxx;h++;hm;inl;inc;ipp;xsd</Extensions>
    </Filter>
    <Filter Include="Файлы ресурсов">
      <UniqueIdentifier>{67DA6AB6-F800-4c08-8B7A-83BB121AAD01}</UniqueIdentifier>
      <Extensions>rc;ico;cur;bmp;dlg;rc2;rct;bin;rgs;gif;jpg;jpeg;jpe;resx;tiff;tif;png;wav;mfcribbon-ms</Extensions>
    </Filter>
  </ItemGroup>
  <ItemGroup>
    <ClCompile Include="task.cpp">
      <Filter>Исходные файлы</Filter>
    </ClCompile>
    <ClCompile Include="Figure.cpp">
      <Filter>Исходные файлы</Filter>
    </ClCompile>
    <ClCompile Include="T.cpp">
      <Filter>Исходные файлы</Filter>
    </ClCompile>
    <ClCompile Include="Q.cpp">
      <Filter>Исходные файлы</Filter>
    </ClCompile>
    <ClCompile Include="I.cpp">
      <Filter>Исходные файлы</Filter>
    </ClCompile>
    <ClCompile Include="Z.cpp">
      <Filter>Исходные файлы</Filter>
    </ClCompile>
    <ClCompile Include="S.cpp">
      <Filter>Исходные файлы</Filter>
    </ClCompile>
    <ClCompile Include="J.cpp">
      <Filter>Исходные файлы</Filter>
    </ClCompile>
    <ClCompile Include="L.cpp">
      <Filter>Исходные файлы</Filter>
    </ClCompile>
    <ClCompile Include="Creator_T.cpp">
      <Filter>Исходные файлы</Filter>
    </ClCompile>
    <ClCompile Include="Creator_Q.cpp">
      <Filter>Исходные файлы</Filter>
    </ClCompile>
    <ClCompile Include="Creator_I.cpp">
      <Filter>Исходные файлы</Filter>
    </ClCompile>
    <ClCompile Include="Creator_Z.cpp">
      <Filter>Исходные файлы</Filter>
    </ClCompile>
    <ClCompile Include="Creator_S.cpp">
      <Filter>Исходные файлы</Filter>
    </ClCompile>
    <ClCompile Include="Creator_J.cpp">
      <Filter>Исходные файлы</Filter>
    </ClCompile>
    <ClCompile Include="Creator_L.cpp">
      <Filter>Исходные файлы</Filter>
    </ClCompile>
  </ItemGroup>
  <ItemGroup>
    <ClInclude Include="Figure.h">
      <Filter>Файлы заголовков</Filter>
    </ClInclude>
    <ClInclude Include="T.h">
      <Filter>Файлы заголовков</Filter>
    </ClInclude>
    <ClInclude Include="Q.h">
      <Filter>Файлы заголовков</Filter>
    </ClInclude>
    <ClInclude Include="I.h">
      <Filter>Файлы заголовков</Filter>
    </ClInclude>
    <ClInclude Include="Z.h">
      <Filter>Файлы заголовков</Filter>
    </ClInclude>
    <ClInclude Include="S.h">
      <Filter>Файлы заголовков</Filter>
    </ClInclude>
    <ClInclude Include="J.h">
      <Filter>Файлы заголовков</Filter>
    </ClInclude>
    <ClInclude Include="L.h">
      <Filter>Файлы заголовков</Filter>
    </ClInclude>
    <ClInclude Include="Creator.h">
      <Filter>Файлы заголовков</Filter>
    </ClInclude>
    <ClInclude Include="Creator_T.h">
      <Filter>Файлы заголовков</Filter>
    </ClInclude>
    <ClInclude Include="Creator_Q.h">
      <Filter>Файлы заголовков</Filter>
    </ClInclude>
    <ClInclude Include="Creator_I.h">
      <Filter>Файлы заголовков</Filter>
    </ClInclude>
    <ClInclude Include="Creator_Z.h">
      <Filter>Файлы заголовков</Filter>
    </ClInclude>
    <ClInclude Include="Creator_S.h">
      <Filter>Файлы заголовков</Filter>
    </ClInclude>
    <ClInclude Include="Creator_J.h">
      <Filter>Файлы заголовков</Filter>
    </ClInclude>
    <ClInclude Include="Creator_L.h">
      <Filter>Файлы заголовков</Filter>
    </ClInclude>
    <ClInclude Include="Client.h">
      <Filter>Файлы заголовков</Filter>
    </ClInclude>
  </ItemGroup>
</Project>